
Microsoft Visual Studio Solution File, Format Version 12.00
# Visual Studio Version 18
VisualStudioVersion = 18.0.11104.47
MinimumVisualStudioVersion = 10.0.40219.1
Project("{FAE04EC0-301F-11D3-BF4B-00C04F79EFBC}") = "Felsökning", "Felsökning\Felsökning.csproj", "{270025C2-E524-3D18-3B4A-F7A863EE1466}"
EndProject
Project("{FAE04EC0-301F-11D3-BF4B-00C04F79EFBC}") = "Felsökning.Tests", "Felsökning.Tests\Felsökning.Tests.csproj", "{794BD9FB-B021-4386-4FBE-B21E80F48B5C}"
EndProject
Project("{2150E333-8FDC-42A3-9474-1A3956D46DE8}") = "Solution Items", "Solution Items", "{95896AAB-62F3-4AE6-A9ED-BC517FA427B6}"
	ProjectSection(SolutionItems) = preProject
		.github\prompts\csharp-async.prompt.md = .github\prompts\csharp-async.prompt.md
		.github\prompts\csharp-mstest.prompt.md = .github\prompts\csharp-mstest.prompt.md
		.github\prompts\dotnet-best-practices.prompt.md = .github\prompts\dotnet-best-practices.prompt.md
		.github\prompts\dotnet-design-pattern-review.prompt.md = .github\prompts\dotnet-design-pattern-review.prompt.md
	EndProjectSection
EndProject
Global
	GlobalSection(SolutionConfigurationPlatforms) = preSolution
		Debug|Any CPU = Debug|Any CPU
		Release|Any CPU = Release|Any CPU
	EndGlobalSection
	GlobalSection(ProjectConfigurationPlatforms) = postSolution
		{270025C2-E524-3D18-3B4A-F7A863EE1466}.Debug|Any CPU.ActiveCfg = Debug|Any CPU
		{270025C2-E524-3D18-3B4A-F7A863EE1466}.Debug|Any CPU.Build.0 = Debug|Any CPU
		{270025C2-E524-3D18-3B4A-F7A863EE1466}.Release|Any CPU.ActiveCfg = Release|Any CPU
		{270025C2-E524-3D18-3B4A-F7A863EE1466}.Release|Any CPU.Build.0 = Release|Any CPU
		{794BD9FB-B021-4386-4FBE-B21E80F48B5C}.Debug|Any CPU.ActiveCfg = Debug|Any CPU
		{794BD9FB-B021-4386-4FBE-B21E80F48B5C}.Debug|Any CPU.Build.0 = Debug|Any CPU
		{794BD9FB-B021-4386-4FBE-B21E80F48B5C}.Release|Any CPU.ActiveCfg = Release|Any CPU
		{794BD9FB-B021-4386-4FBE-B21E80F48B5C}.Release|Any CPU.Build.0 = Release|Any CPU
	EndGlobalSection
	GlobalSection(SolutionProperties) = preSolution
		HideSolutionNode = FALSE
	EndGlobalSection
	GlobalSection(ExtensibilityGlobals) = postSolution
		SolutionGuid = {59401C9A-E6A7-407E-BD1D-196F5E8205D9}
	EndGlobalSection
EndGlobal
